// !$*UTF8*$!
{
	archiveVersion = 1;
	classes = {
	};
	objectVersion = 51;
	objects = {

/* Begin PBXBuildFile section */
		9017DDFCBE17AD9019F04808 /* Pods_SwiftUI_Combine_Video.framework in Frameworks */ = {isa = PBXBuildFile; fileRef = B0E9677697684399A2A20887 /* Pods_SwiftUI_Combine_Video.framework */; };
		B5E3A0BC24A10A2100BB0738 /* AppDelegate.swift in Sources */ = {isa = PBXBuildFile; fileRef = B5E3A0BB24A10A2100BB0738 /* AppDelegate.swift */; };
		B5E3A0BE24A10A2100BB0738 /* SceneDelegate.swift in Sources */ = {isa = PBXBuildFile; fileRef = B5E3A0BD24A10A2100BB0738 /* SceneDelegate.swift */; };
		B5E3A0C224A10A2300BB0738 /* Assets.xcassets in Resources */ = {isa = PBXBuildFile; fileRef = B5E3A0C124A10A2300BB0738 /* Assets.xcassets */; };
		B5E3A0C524A10A2300BB0738 /* Preview Assets.xcassets in Resources */ = {isa = PBXBuildFile; fileRef = B5E3A0C424A10A2300BB0738 /* Preview Assets.xcassets */; };
		B5E3A0C824A10A2300BB0738 /* LaunchScreen.storyboard in Resources */ = {isa = PBXBuildFile; fileRef = B5E3A0C624A10A2300BB0738 /* LaunchScreen.storyboard */; };
		B5E3A0DA24A116A300BB0738 /* VideoListViewModel.swift in Sources */ = {isa = PBXBuildFile; fileRef = B5E3A0D924A116A300BB0738 /* VideoListViewModel.swift */; };
		B5E3A0DC24A1171C00BB0738 /* VideoListView.swift in Sources */ = {isa = PBXBuildFile; fileRef = B5E3A0DB24A1171C00BB0738 /* VideoListView.swift */; };
		B5E3A0E024A118F400BB0738 /* VideoDTO.swift in Sources */ = {isa = PBXBuildFile; fileRef = B5E3A0DF24A118F400BB0738 /* VideoDTO.swift */; };
		B5E3A0E224A1190C00BB0738 /* VideoPageDTO.swift in Sources */ = {isa = PBXBuildFile; fileRef = B5E3A0E124A1190C00BB0738 /* VideoPageDTO.swift */; };
		B5E3A0E424A1192900BB0738 /* VideoListItem.swift in Sources */ = {isa = PBXBuildFile; fileRef = B5E3A0E324A1192900BB0738 /* VideoListItem.swift */; };
		B5E3A0E624A11A3A00BB0738 /* Feedback+Extension.swift in Sources */ = {isa = PBXBuildFile; fileRef = B5E3A0E524A11A3A00BB0738 /* Feedback+Extension.swift */; };
		B5E3A0E824A11A4C00BB0738 /* View+Extension.swift in Sources */ = {isa = PBXBuildFile; fileRef = B5E3A0E724A11A4C00BB0738 /* View+Extension.swift */; };
		B5E3A0EA24A11A6600BB0738 /* Publisher+Extension.swift in Sources */ = {isa = PBXBuildFile; fileRef = B5E3A0E924A11A6600BB0738 /* Publisher+Extension.swift */; };
		B5E3A0EC24A11BAC00BB0738 /* ApiAgent.swift in Sources */ = {isa = PBXBuildFile; fileRef = B5E3A0EB24A11BAC00BB0738 /* ApiAgent.swift */; };
		B5E3A0EE24A11BCB00BB0738 /* VideoApi.swift in Sources */ = {isa = PBXBuildFile; fileRef = B5E3A0ED24A11BCB00BB0738 /* VideoApi.swift */; };
		B5E3A0F024A11D7200BB0738 /* VideoListRowView.swift in Sources */ = {isa = PBXBuildFile; fileRef = B5E3A0EF24A11D7200BB0738 /* VideoListRowView.swift */; };
		B5E3A0F224A11E4200BB0738 /* Spinner.swift in Sources */ = {isa = PBXBuildFile; fileRef = B5E3A0F124A11E4200BB0738 /* Spinner.swift */; };
		B5E3A0F424A11F5500BB0738 /* AsyncImage.swift in Sources */ = {isa = PBXBuildFile; fileRef = B5E3A0F324A11F5500BB0738 /* AsyncImage.swift */; };
		B5E3A0F624A11F6500BB0738 /* ImageCache.swift in Sources */ = {isa = PBXBuildFile; fileRef = B5E3A0F524A11F6500BB0738 /* ImageCache.swift */; };
		B5E3A0F824A11F7400BB0738 /* ImageLoader.swift in Sources */ = {isa = PBXBuildFile; fileRef = B5E3A0F724A11F7400BB0738 /* ImageLoader.swift */; };
		B5E3A0FB24A121B900BB0738 /* VideoDetailView.swift in Sources */ = {isa = PBXBuildFile; fileRef = B5E3A0FA24A121B900BB0738 /* VideoDetailView.swift */; };
		B5E3A0FD24A1231C00BB0738 /* VideoDetailViewModel.swift in Sources */ = {isa = PBXBuildFile; fileRef = B5E3A0FC24A1231C00BB0738 /* VideoDetailViewModel.swift */; };
		B5E3A0FF24A1240800BB0738 /* VideoView.swift in Sources */ = {isa = PBXBuildFile; fileRef = B5E3A0FE24A1240800BB0738 /* VideoView.swift */; };
/* End PBXBuildFile section */

/* Begin PBXFileReference section */
		981C2548F29903EB2A0FED9D /* Pods-SwiftUI-Combine-Video.debug.xcconfig */ = {isa = PBXFileReference; includeInIndex = 1; lastKnownFileType = text.xcconfig; name = "Pods-SwiftUI-Combine-Video.debug.xcconfig"; path = "Target Support Files/Pods-SwiftUI-Combine-Video/Pods-SwiftUI-Combine-Video.debug.xcconfig"; sourceTree = "<group>"; };
		B0E9677697684399A2A20887 /* Pods_SwiftUI_Combine_Video.framework */ = {isa = PBXFileReference; explicitFileType = wrapper.framework; includeInIndex = 0; path = Pods_SwiftUI_Combine_Video.framework; sourceTree = BUILT_PRODUCTS_DIR; };
		B5E3A0B824A10A2100BB0738 /* SwiftUI-Combine-Video.app */ = {isa = PBXFileReference; explicitFileType = wrapper.application; includeInIndex = 0; path = "SwiftUI-Combine-Video.app"; sourceTree = BUILT_PRODUCTS_DIR; };
		B5E3A0BB24A10A2100BB0738 /* AppDelegate.swift */ = {isa = PBXFileReference; lastKnownFileType = sourcecode.swift; path = AppDelegate.swift; sourceTree = "<group>"; };
		B5E3A0BD24A10A2100BB0738 /* SceneDelegate.swift */ = {isa = PBXFileReference; lastKnownFileType = sourcecode.swift; path = SceneDelegate.swift; sourceTree = "<group>"; };
		B5E3A0C124A10A2300BB0738 /* Assets.xcassets */ = {isa = PBXFileReference; lastKnownFileType = folder.assetcatalog; path = Assets.xcassets; sourceTree = "<group>"; };
		B5E3A0C424A10A2300BB0738 /* Preview Assets.xcassets */ = {isa = PBXFileReference; lastKnownFileType = folder.assetcatalog; path = "Preview Assets.xcassets"; sourceTree = "<group>"; };
		B5E3A0C724A10A2300BB0738 /* Base */ = {isa = PBXFileReference; lastKnownFileType = file.storyboard; name = Base; path = Base.lproj/LaunchScreen.storyboard; sourceTree = "<group>"; };
		B5E3A0C924A10A2300BB0738 /* Info.plist */ = {isa = PBXFileReference; lastKnownFileType = text.plist.xml; path = Info.plist; sourceTree = "<group>"; };
		B5E3A0D924A116A300BB0738 /* VideoListViewModel.swift */ = {isa = PBXFileReference; lastKnownFileType = sourcecode.swift; path = VideoListViewModel.swift; sourceTree = "<group>"; };
		B5E3A0DB24A1171C00BB0738 /* VideoListView.swift */ = {isa = PBXFileReference; lastKnownFileType = sourcecode.swift; path = VideoListView.swift; sourceTree = "<group>"; };
		B5E3A0DF24A118F400BB0738 /* VideoDTO.swift */ = {isa = PBXFileReference; lastKnownFileType = sourcecode.swift; path = VideoDTO.swift; sourceTree = "<group>"; };
		B5E3A0E124A1190C00BB0738 /* VideoPageDTO.swift */ = {isa = PBXFileReference; lastKnownFileType = sourcecode.swift; path = VideoPageDTO.swift; sourceTree = "<group>"; };
		B5E3A0E324A1192900BB0738 /* VideoListItem.swift */ = {isa = PBXFileReference; lastKnownFileType = sourcecode.swift; path = VideoListItem.swift; sourceTree = "<group>"; };
		B5E3A0E524A11A3A00BB0738 /* Feedback+Extension.swift */ = {isa = PBXFileReference; lastKnownFileType = sourcecode.swift; path = "Feedback+Extension.swift"; sourceTree = "<group>"; };
		B5E3A0E724A11A4C00BB0738 /* View+Extension.swift */ = {isa = PBXFileReference; lastKnownFileType = sourcecode.swift; path = "View+Extension.swift"; sourceTree = "<group>"; };
		B5E3A0E924A11A6600BB0738 /* Publisher+Extension.swift */ = {isa = PBXFileReference; lastKnownFileType = sourcecode.swift; path = "Publisher+Extension.swift"; sourceTree = "<group>"; };
		B5E3A0EB24A11BAC00BB0738 /* ApiAgent.swift */ = {isa = PBXFileReference; lastKnownFileType = sourcecode.swift; path = ApiAgent.swift; sourceTree = "<group>"; };
		B5E3A0ED24A11BCB00BB0738 /* VideoApi.swift */ = {isa = PBXFileReference; lastKnownFileType = sourcecode.swift; path = VideoApi.swift; sourceTree = "<group>"; };
		B5E3A0EF24A11D7200BB0738 /* VideoListRowView.swift */ = {isa = PBXFileReference; lastKnownFileType = sourcecode.swift; path = VideoListRowView.swift; sourceTree = "<group>"; };
		B5E3A0F124A11E4200BB0738 /* Spinner.swift */ = {isa = PBXFileReference; lastKnownFileType = sourcecode.swift; path = Spinner.swift; sourceTree = "<group>"; };
		B5E3A0F324A11F5500BB0738 /* AsyncImage.swift */ = {isa = PBXFileReference; lastKnownFileType = sourcecode.swift; path = AsyncImage.swift; sourceTree = "<group>"; };
		B5E3A0F524A11F6500BB0738 /* ImageCache.swift */ = {isa = PBXFileReference; lastKnownFileType = sourcecode.swift; path = ImageCache.swift; sourceTree = "<group>"; };
		B5E3A0F724A11F7400BB0738 /* ImageLoader.swift */ = {isa = PBXFileReference; lastKnownFileType = sourcecode.swift; path = ImageLoader.swift; sourceTree = "<group>"; };
		B5E3A0FA24A121B900BB0738 /* VideoDetailView.swift */ = {isa = PBXFileReference; lastKnownFileType = sourcecode.swift; path = VideoDetailView.swift; sourceTree = "<group>"; };
		B5E3A0FC24A1231C00BB0738 /* VideoDetailViewModel.swift */ = {isa = PBXFileReference; lastKnownFileType = sourcecode.swift; path = VideoDetailViewModel.swift; sourceTree = "<group>"; };
		B5E3A0FE24A1240800BB0738 /* VideoView.swift */ = {isa = PBXFileReference; lastKnownFileType = sourcecode.swift; path = VideoView.swift; sourceTree = "<group>"; };
		D5F76F5A18E35F72489CB33A /* Pods-SwiftUI-Combine-Video.release.xcconfig */ = {isa = PBXFileReference; includeInIndex = 1; lastKnownFileType = text.xcconfig; name = "Pods-SwiftUI-Combine-Video.release.xcconfig"; path = "Target Support Files/Pods-SwiftUI-Combine-Video/Pods-SwiftUI-Combine-Video.release.xcconfig"; sourceTree = "<group>"; };
/* End PBXFileReference section */

/* Begin PBXFrameworksBuildPhase section */
		B5E3A0B524A10A2100BB0738 /* Frameworks */ = {
			isa = PBXFrameworksBuildPhase;
			buildActionMask = 2147483647;
			files = (
				9017DDFCBE17AD9019F04808 /* Pods_SwiftUI_Combine_Video.framework in Frameworks */,
			);
			runOnlyForDeploymentPostprocessing = 0;
		};
/* End PBXFrameworksBuildPhase section */

/* Begin PBXGroup section */
		7F0D5D7C31A5C77E8E891BCD /* Frameworks */ = {
			isa = PBXGroup;
			children = (
				B0E9677697684399A2A20887 /* Pods_SwiftUI_Combine_Video.framework */,
			);
			name = Frameworks;
			sourceTree = "<group>";
		};
		B5E3A0AF24A10A2100BB0738 = {
			isa = PBXGroup;
			children = (
				B5E3A0BA24A10A2100BB0738 /* SwiftUI-Combine-Video */,
				B5E3A0B924A10A2100BB0738 /* Products */,
				D45A4C9085CA549F508CEC3A /* Pods */,
				7F0D5D7C31A5C77E8E891BCD /* Frameworks */,
			);
			sourceTree = "<group>";
		};
		B5E3A0B924A10A2100BB0738 /* Products */ = {
			isa = PBXGroup;
			children = (
				B5E3A0B824A10A2100BB0738 /* SwiftUI-Combine-Video.app */,
			);
			name = Products;
			sourceTree = "<group>";
		};
		B5E3A0BA24A10A2100BB0738 /* SwiftUI-Combine-Video */ = {
			isa = PBXGroup;
			children = (
				B5E3A0D724A10BAF00BB0738 /* Features */,
				B5E3A0D524A10B8500BB0738 /* Extension+Protocols */,
				B5E3A0D424A10B8000BB0738 /* App */,
				B5E3A0D324A10B7100BB0738 /* CustomViews+Controls */,
				B5E3A0D224A10B6C00BB0738 /* Models */,
				B5E3A0D124A10B6400BB0738 /* Assets */,
				B5E3A0D024A10B5800BB0738 /* Storyboard */,
				B5E3A0CF24A10B4600BB0738 /* Supporting Files */,
				B5E3A0C924A10A2300BB0738 /* Info.plist */,
				B5E3A0C324A10A2300BB0738 /* Preview Content */,
			);
			path = "SwiftUI-Combine-Video";
			sourceTree = "<group>";
		};
		B5E3A0C324A10A2300BB0738 /* Preview Content */ = {
			isa = PBXGroup;
			children = (
				B5E3A0C424A10A2300BB0738 /* Preview Assets.xcassets */,
			);
			path = "Preview Content";
			sourceTree = "<group>";
		};
		B5E3A0CF24A10B4600BB0738 /* Supporting Files */ = {
			isa = PBXGroup;
			children = (
			);
			path = "Supporting Files";
			sourceTree = "<group>";
		};
		B5E3A0D024A10B5800BB0738 /* Storyboard */ = {
			isa = PBXGroup;
			children = (
				B5E3A0C624A10A2300BB0738 /* LaunchScreen.storyboard */,
			);
			path = Storyboard;
			sourceTree = "<group>";
		};
		B5E3A0D124A10B6400BB0738 /* Assets */ = {
			isa = PBXGroup;
			children = (
				B5E3A0C124A10A2300BB0738 /* Assets.xcassets */,
			);
			path = Assets;
			sourceTree = "<group>";
		};
		B5E3A0D224A10B6C00BB0738 /* Models */ = {
			isa = PBXGroup;
			children = (
				B5E3A0DE24A118D500BB0738 /* Services */,
				B5E3A0DD24A118C400BB0738 /* Entities */,
				B5E3A0EB24A11BAC00BB0738 /* ApiAgent.swift */,
			);
			path = Models;
			sourceTree = "<group>";
		};
		B5E3A0D324A10B7100BB0738 /* CustomViews+Controls */ = {
			isa = PBXGroup;
			children = (
				B5E3A0F124A11E4200BB0738 /* Spinner.swift */,
				B5E3A0F324A11F5500BB0738 /* AsyncImage.swift */,
				B5E3A0F524A11F6500BB0738 /* ImageCache.swift */,
				B5E3A0F724A11F7400BB0738 /* ImageLoader.swift */,
				B5E3A0FE24A1240800BB0738 /* VideoView.swift */,
			);
			path = "CustomViews+Controls";
			sourceTree = "<group>";
		};
		B5E3A0D424A10B8000BB0738 /* App */ = {
			isa = PBXGroup;
			children = (
				B5E3A0BD24A10A2100BB0738 /* SceneDelegate.swift */,
				B5E3A0BB24A10A2100BB0738 /* AppDelegate.swift */,
			);
			path = App;
			sourceTree = "<group>";
		};
		B5E3A0D524A10B8500BB0738 /* Extension+Protocols */ = {
			isa = PBXGroup;
			children = (
				B5E3A0E524A11A3A00BB0738 /* Feedback+Extension.swift */,
				B5E3A0E724A11A4C00BB0738 /* View+Extension.swift */,
				B5E3A0E924A11A6600BB0738 /* Publisher+Extension.swift */,
			);
			path = "Extension+Protocols";
			sourceTree = "<group>";
		};
		B5E3A0D724A10BAF00BB0738 /* Features */ = {
			isa = PBXGroup;
			children = (
				B5E3A0F924A121A300BB0738 /* VideoDetail */,
				B5E3A0D824A1168400BB0738 /* VideoList */,
			);
			path = Features;
			sourceTree = "<group>";
		};
		B5E3A0D824A1168400BB0738 /* VideoList */ = {
			isa = PBXGroup;
			children = (
				B5E3A0D924A116A300BB0738 /* VideoListViewModel.swift */,
				B5E3A0DB24A1171C00BB0738 /* VideoListView.swift */,
				B5E3A0EF24A11D7200BB0738 /* VideoListRowView.swift */,
			);
			path = VideoList;
			sourceTree = "<group>";
		};
		B5E3A0DD24A118C400BB0738 /* Entities */ = {
			isa = PBXGroup;
			children = (
				B5E3A0DF24A118F400BB0738 /* VideoDTO.swift */,
				B5E3A0E124A1190C00BB0738 /* VideoPageDTO.swift */,
				B5E3A0E324A1192900BB0738 /* VideoListItem.swift */,
			);
			path = Entities;
			sourceTree = "<group>";
		};
		B5E3A0DE24A118D500BB0738 /* Services */ = {
			isa = PBXGroup;
			children = (
				B5E3A0ED24A11BCB00BB0738 /* VideoApi.swift */,
			);
			path = Services;
			sourceTree = "<group>";
		};
		B5E3A0F924A121A300BB0738 /* VideoDetail */ = {
			isa = PBXGroup;
			children = (
				B5E3A0FA24A121B900BB0738 /* VideoDetailView.swift */,
				B5E3A0FC24A1231C00BB0738 /* VideoDetailViewModel.swift */,
			);
			path = VideoDetail;
			sourceTree = "<group>";
		};
		D45A4C9085CA549F508CEC3A /* Pods */ = {
			isa = PBXGroup;
			children = (
				981C2548F29903EB2A0FED9D /* Pods-SwiftUI-Combine-Video.debug.xcconfig */,
				D5F76F5A18E35F72489CB33A /* Pods-SwiftUI-Combine-Video.release.xcconfig */,
			);
			path = Pods;
			sourceTree = "<group>";
		};
/* End PBXGroup section */

/* Begin PBXNativeTarget section */
		B5E3A0B724A10A2100BB0738 /* SwiftUI-Combine-Video */ = {
			isa = PBXNativeTarget;
			buildConfigurationList = B5E3A0CC24A10A2300BB0738 /* Build configuration list for PBXNativeTarget "SwiftUI-Combine-Video" */;
			buildPhases = (
				87596FDBB34DA18BD767CBDF /* [CP] Check Pods Manifest.lock */,
				B5E3A0B424A10A2100BB0738 /* Sources */,
				B5E3A0B524A10A2100BB0738 /* Frameworks */,
				B5E3A0B624A10A2100BB0738 /* Resources */,
				A97A6316F1F1AF35509AFCB1 /* [CP] Embed Pods Frameworks */,
			);
			buildRules = (
			);
			dependencies = (
			);
			name = "SwiftUI-Combine-Video";
			productName = "SwiftUI-Combine-Video";
			productReference = B5E3A0B824A10A2100BB0738 /* SwiftUI-Combine-Video.app */;
			productType = "com.apple.product-type.application";
		};
/* End PBXNativeTarget section */

/* Begin PBXProject section */
		B5E3A0B024A10A2100BB0738 /* Project object */ = {
			isa = PBXProject;
			attributes = {
				LastSwiftUpdateCheck = 1150;
				LastUpgradeCheck = 1150;
				ORGANIZATIONNAME = Developer005;
				TargetAttributes = {
					B5E3A0B724A10A2100BB0738 = {
						CreatedOnToolsVersion = 11.5;
					};
				};
			};
			buildConfigurationList = B5E3A0B324A10A2100BB0738 /* Build configuration list for PBXProject "SwiftUI-Combine-Video" */;
			compatibilityVersion = "Xcode 9.3";
			developmentRegion = en;
			hasScannedForEncodings = 0;
			knownRegions = (
				en,
				Base,
			);
			mainGroup = B5E3A0AF24A10A2100BB0738;
			productRefGroup = B5E3A0B924A10A2100BB0738 /* Products */;
			projectDirPath = "";
			projectRoot = "";
			targets = (
				B5E3A0B724A10A2100BB0738 /* SwiftUI-Combine-Video */,
			);
		};
/* End PBXProject section */

/* Begin PBXResourcesBuildPhase section */
		B5E3A0B624A10A2100BB0738 /* Resources */ = {
			isa = PBXResourcesBuildPhase;
			buildActionMask = 2147483647;
			files = (
				B5E3A0C824A10A2300BB0738 /* LaunchScreen.storyboard in Resources */,
				B5E3A0C524A10A2300BB0738 /* Preview Assets.xcassets in Resources */,
				B5E3A0C224A10A2300BB0738 /* Assets.xcassets in Resources */,
			);
			runOnlyForDeploymentPostprocessing = 0;
		};
/* End PBXResourcesBuildPhase section */

/* Begin PBXShellScriptBuildPhase section */
		87596FDBB34DA18BD767CBDF /* [CP] Check Pods Manifest.lock */ = {
			isa = PBXShellScriptBuildPhase;
			buildActionMask = 2147483647;
			files = (
			);
			inputFileListPaths = (
			);
			inputPaths = (
				"${PODS_PODFILE_DIR_PATH}/Podfile.lock",
				"${PODS_ROOT}/Manifest.lock",
			);
			name = "[CP] Check Pods Manifest.lock";
			outputFileListPaths = (
			);
			outputPaths = (
				"$(DERIVED_FILE_DIR)/Pods-SwiftUI-Combine-Video-checkManifestLockResult.txt",
			);
			runOnlyForDeploymentPostprocessing = 0;
			shellPath = /bin/sh;
			shellScript = "diff \"${PODS_PODFILE_DIR_PATH}/Podfile.lock\" \"${PODS_ROOT}/Manifest.lock\" > /dev/null\nif [ $? != 0 ] ; then\n    # print error to STDERR\n    echo \"error: The sandbox is not in sync with the Podfile.lock. Run 'pod install' or update your CocoaPods installation.\" >&2\n    exit 1\nfi\n# This output is used by Xcode 'outputs' to avoid re-running this script phase.\necho \"SUCCESS\" > \"${SCRIPT_OUTPUT_FILE_0}\"\n";
			showEnvVarsInLog = 0;
		};
		A97A6316F1F1AF35509AFCB1 /* [CP] Embed Pods Frameworks */ = {
			isa = PBXShellScriptBuildPhase;
			buildActionMask = 2147483647;
			files = (
			);
			inputFileListPaths = (
				"${PODS_ROOT}/Target Support Files/Pods-SwiftUI-Combine-Video/Pods-SwiftUI-Combine-Video-frameworks-${CONFIGURATION}-input-files.xcfilelist",
			);
			name = "[CP] Embed Pods Frameworks";
			outputFileListPaths = (
				"${PODS_ROOT}/Target Support Files/Pods-SwiftUI-Combine-Video/Pods-SwiftUI-Combine-Video-frameworks-${CONFIGURATION}-output-files.xcfilelist",
			);
			runOnlyForDeploymentPostprocessing = 0;
			shellPath = /bin/sh;
			shellScript = "\"${PODS_ROOT}/Target Support Files/Pods-SwiftUI-Combine-Video/Pods-SwiftUI-Combine-Video-frameworks.sh\"\n";
			showEnvVarsInLog = 0;
		};
/* End PBXShellScriptBuildPhase section */

/* Begin PBXSourcesBuildPhase section */
		B5E3A0B424A10A2100BB0738 /* Sources */ = {
			isa = PBXSourcesBuildPhase;
			buildActionMask = 2147483647;
			files = (
				B5E3A0E224A1190C00BB0738 /* VideoPageDTO.swift in Sources */,
				B5E3A0E824A11A4C00BB0738 /* View+Extension.swift in Sources */,
				B5E3A0F624A11F6500BB0738 /* ImageCache.swift in Sources */,
				B5E3A0DC24A1171C00BB0738 /* VideoListView.swift in Sources */,
				B5E3A0F224A11E4200BB0738 /* Spinner.swift in Sources */,
				B5E3A0F424A11F5500BB0738 /* AsyncImage.swift in Sources */,
				B5E3A0BC24A10A2100BB0738 /* AppDelegate.swift in Sources */,
				B5E3A0EA24A11A6600BB0738 /* Publisher+Extension.swift in Sources */,
				B5E3A0E024A118F400BB0738 /* VideoDTO.swift in Sources */,
				B5E3A0E624A11A3A00BB0738 /* Feedback+Extension.swift in Sources */,
				B5E3A0BE24A10A2100BB0738 /* SceneDelegate.swift in Sources */,
				B5E3A0F824A11F7400BB0738 /* ImageLoader.swift in Sources */,
				B5E3A0EC24A11BAC00BB0738 /* ApiAgent.swift in Sources */,
				B5E3A0FB24A121B900BB0738 /* VideoDetailView.swift in Sources */,
				B5E3A0FD24A1231C00BB0738 /* VideoDetailViewModel.swift in Sources */,
				B5E3A0F024A11D7200BB0738 /* VideoListRowView.swift in Sources */,
				B5E3A0FF24A1240800BB0738 /* VideoView.swift in Sources */,
				B5E3A0E424A1192900BB0738 /* VideoListItem.swift in Sources */,
				B5E3A0EE24A11BCB00BB0738 /* VideoApi.swift in Sources */,
				B5E3A0DA24A116A300BB0738 /* VideoListViewModel.swift in Sources */,
			);
			runOnlyForDeploymentPostprocessing = 0;
		};
/* End PBXSourcesBuildPhase section */

/* Begin PBXVariantGroup section */
		B5E3A0C624A10A2300BB0738 /* LaunchScreen.storyboard */ = {
			isa = PBXVariantGroup;
			children = (
				B5E3A0C724A10A2300BB0738 /* Base */,
			);
			name = LaunchScreen.storyboard;
			sourceTree = "<group>";
		};
/* End PBXVariantGroup section */

/* Begin XCBuildConfiguration section */
		B5E3A0CA24A10A2300BB0738 /* Debug */ = {
			isa = XCBuildConfiguration;
			buildSettings = {
				ALWAYS_SEARCH_USER_PATHS = NO;
				CLANG_ANALYZER_NONNULL = YES;
				CLANG_ANALYZER_NUMBER_OBJECT_CONVERSION = YES_AGGRESSIVE;
				CLANG_CXX_LANGUAGE_STANDARD = "gnu++14";
				CLANG_CXX_LIBRARY = "libc++";
				CLANG_ENABLE_MODULES = YES;
				CLANG_ENABLE_OBJC_ARC = YES;
				CLANG_ENABLE_OBJC_WEAK = YES;
				CLANG_WARN_BLOCK_CAPTURE_AUTORELEASING = YES;
				CLANG_WARN_BOOL_CONVERSION = YES;
				CLANG_WARN_COMMA = YES;
				CLANG_WARN_CONSTANT_CONVERSION = YES;
				CLANG_WARN_DEPRECATED_OBJC_IMPLEMENTATIONS = YES;
				CLANG_WARN_DIRECT_OBJC_ISA_USAGE = YES_ERROR;
				CLANG_WARN_DOCUMENTATION_COMMENTS = YES;
				CLANG_WARN_EMPTY_BODY = YES;
				CLANG_WARN_ENUM_CONVERSION = YES;
				CLANG_WARN_INFINITE_RECURSION = YES;
				CLANG_WARN_INT_CONVERSION = YES;
				CLANG_WARN_NON_LITERAL_NULL_CONVERSION = YES;
				CLANG_WARN_OBJC_IMPLICIT_RETAIN_SELF = YES;
				CLANG_WARN_OBJC_LITERAL_CONVERSION = YES;
				CLANG_WARN_OBJC_ROOT_CLASS = YES_ERROR;
				CLANG_WARN_RANGE_LOOP_ANALYSIS = YES;
				CLANG_WARN_STRICT_PROTOTYPES = YES;
				CLANG_WARN_SUSPICIOUS_MOVE = YES;
				CLANG_WARN_UNGUARDED_AVAILABILITY = YES_AGGRESSIVE;
				CLANG_WARN_UNREACHABLE_CODE = YES;
				CLANG_WARN__DUPLICATE_METHOD_MATCH = YES;
				COPY_PHASE_STRIP = NO;
				DEBUG_INFORMATION_FORMAT = dwarf;
				ENABLE_STRICT_OBJC_MSGSEND = YES;
				ENABLE_TESTABILITY = YES;
				GCC_C_LANGUAGE_STANDARD = gnu11;
				GCC_DYNAMIC_NO_PIC = NO;
				GCC_NO_COMMON_BLOCKS = YES;
				GCC_OPTIMIZATION_LEVEL = 0;
				GCC_PREPROCESSOR_DEFINITIONS = (
					"DEBUG=1",
					"$(inherited)",
				);
				GCC_WARN_64_TO_32_BIT_CONVERSION = YES;
				GCC_WARN_ABOUT_RETURN_TYPE = YES_ERROR;
				GCC_WARN_UNDECLARED_SELECTOR = YES;
				GCC_WARN_UNINITIALIZED_AUTOS = YES_AGGRESSIVE;
				GCC_WARN_UNUSED_FUNCTION = YES;
				GCC_WARN_UNUSED_VARIABLE = YES;
				IPHONEOS_DEPLOYMENT_TARGET = 13.5;
				MTL_ENABLE_DEBUG_INFO = INCLUDE_SOURCE;
				MTL_FAST_MATH = YES;
				ONLY_ACTIVE_ARCH = YES;
				SDKROOT = iphoneos;
				SWIFT_ACTIVE_COMPILATION_CONDITIONS = DEBUG;
				SWIFT_OPTIMIZATION_LEVEL = "-Onone";
			};
			name = Debug;
		};
		B5E3A0CB24A10A2300BB0738 /* Release */ = {
			isa = XCBuildConfiguration;
			buildSettings = {
				ALWAYS_SEARCH_USER_PATHS = NO;
				CLANG_ANALYZER_NONNULL = YES;
				CLANG_ANALYZER_NUMBER_OBJECT_CONVERSION = YES_AGGRESSIVE;
				CLANG_CXX_LANGUAGE_STANDARD = "gnu++14";
				CLANG_CXX_LIBRARY = "libc++";
				CLANG_ENABLE_MODULES = YES;
				CLANG_ENABLE_OBJC_ARC = YES;
				CLANG_ENABLE_OBJC_WEAK = YES;
				CLANG_WARN_BLOCK_CAPTURE_AUTORELEASING = YES;
				CLANG_WARN_BOOL_CONVERSION = YES;
				CLANG_WARN_COMMA = YES;
				CLANG_WARN_CONSTANT_CONVERSION = YES;
				CLANG_WARN_DEPRECATED_OBJC_IMPLEMENTATIONS = YES;
				CLANG_WARN_DIRECT_OBJC_ISA_USAGE = YES_ERROR;
				CLANG_WARN_DOCUMENTATION_COMMENTS = YES;
				CLANG_WARN_EMPTY_BODY = YES;
				CLANG_WARN_ENUM_CONVERSION = YES;
				CLANG_WARN_INFINITE_RECURSION = YES;
				CLANG_WARN_INT_CONVERSION = YES;
				CLANG_WARN_NON_LITERAL_NULL_CONVERSION = YES;
				CLANG_WARN_OBJC_IMPLICIT_RETAIN_SELF = YES;
				CLANG_WARN_OBJC_LITERAL_CONVERSION = YES;
				CLANG_WARN_OBJC_ROOT_CLASS = YES_ERROR;
				CLANG_WARN_RANGE_LOOP_ANALYSIS = YES;
				CLANG_WARN_STRICT_PROTOTYPES = YES;
				CLANG_WARN_SUSPICIOUS_MOVE = YES;
				CLANG_WARN_UNGUARDED_AVAILABILITY = YES_AGGRESSIVE;
				CLANG_WARN_UNREACHABLE_CODE = YES;
				CLANG_WARN__DUPLICATE_METHOD_MATCH = YES;
				COPY_PHASE_STRIP = NO;
				DEBUG_INFORMATION_FORMAT = "dwarf-with-dsym";
				ENABLE_NS_ASSERTIONS = NO;
				ENABLE_STRICT_OBJC_MSGSEND = YES;
				GCC_C_LANGUAGE_STANDARD = gnu11;
				GCC_NO_COMMON_BLOCKS = YES;
				GCC_WARN_64_TO_32_BIT_CONVERSION = YES;
				GCC_WARN_ABOUT_RETURN_TYPE = YES_ERROR;
				GCC_WARN_UNDECLARED_SELECTOR = YES;
				GCC_WARN_UNINITIALIZED_AUTOS = YES_AGGRESSIVE;
				GCC_WARN_UNUSED_FUNCTION = YES;
				GCC_WARN_UNUSED_VARIABLE = YES;
				IPHONEOS_DEPLOYMENT_TARGET = 13.5;
				MTL_ENABLE_DEBUG_INFO = NO;
				MTL_FAST_MATH = YES;
				SDKROOT = iphoneos;
				SWIFT_COMPILATION_MODE = wholemodule;
				SWIFT_OPTIMIZATION_LEVEL = "-O";
				VALIDATE_PRODUCT = YES;
			};
			name = Release;
		};
		B5E3A0CD24A10A2300BB0738 /* Debug */ = {
			isa = XCBuildConfiguration;
			baseConfigurationReference = 981C2548F29903EB2A0FED9D /* Pods-SwiftUI-Combine-Video.debug.xcconfig */;
			buildSettings = {
				ASSETCATALOG_COMPILER_APPICON_NAME = AppIcon;
				CODE_SIGN_STYLE = Automatic;
				DEVELOPMENT_ASSET_PATHS = "\"SwiftUI-Combine-Video/Preview Content\"";
				DEVELOPMENT_TEAM = AD9N7SZG6L;
				ENABLE_PREVIEWS = YES;
				INFOPLIST_FILE = "SwiftUI-Combine-Video/Info.plist";
				LD_RUNPATH_SEARCH_PATHS = (
					"$(inherited)",
					"@executable_path/Frameworks",
				);
				PRODUCT_BUNDLE_IDENTIFIER = "chandan.SwiftUI-Combine-Video";
				PRODUCT_NAME = "$(TARGET_NAME)";
				SWIFT_VERSION = 5.0;
				TARGETED_DEVICE_FAMILY = "1,2";
			};
			name = Debug;
		};
		B5E3A0CE24A10A2300BB0738 /* Release */ = {
			isa = XCBuildConfiguration;
			baseConfigurationReference = D5F76F5A18E35F72489CB33A /* Pods-SwiftUI-Combine-Video.release.xcconfig */;
			buildSettings = {
				ASSETCATALOG_COMPILER_APPICON_NAME = AppIcon;
				CODE_SIGN_STYLE = Automatic;
				DEVELOPMENT_ASSET_PATHS = "\"SwiftUI-Combine-Video/Preview Content\"";
				DEVELOPMENT_TEAM = AD9N7SZG6L;
				ENABLE_PREVIEWS = YES;
				INFOPLIST_FILE = "SwiftUI-Combine-Video/Info.plist";
				LD_RUNPATH_SEARCH_PATHS = (
					"$(inherited)",
					"@executable_path/Frameworks",
				);
				PRODUCT_BUNDLE_IDENTIFIER = "chandan.SwiftUI-Combine-Video";
				PRODUCT_NAME = "$(TARGET_NAME)";
				SWIFT_VERSION = 5.0;
				TARGETED_DEVICE_FAMILY = "1,2";
			};
			name = Release;
		};
/* End XCBuildConfiguration section */

/* Begin XCConfigurationList section */
		B5E3A0B324A10A2100BB0738 /* Build configuration list for PBXProject "SwiftUI-Combine-Video" */ = {
			isa = XCConfigurationList;
			buildConfigurations = (
				B5E3A0CA24A10A2300BB0738 /* Debug */,
				B5E3A0CB24A10A2300BB0738 /* Release */,
			);
			defaultConfigurationIsVisible = 0;
			defaultConfigurationName = Release;
		};
		B5E3A0CC24A10A2300BB0738 /* Build configuration list for PBXNativeTarget "SwiftUI-Combine-Video" */ = {
			isa = XCConfigurationList;
			buildConfigurations = (
				B5E3A0CD24A10A2300BB0738 /* Debug */,
				B5E3A0CE24A10A2300BB0738 /* Release */,
			);
			defaultConfigurationIsVisible = 0;
			defaultConfigurationName = Release;
		};
/* End XCConfigurationList section */
	};
	rootObject = B5E3A0B024A10A2100BB0738 /* Project object */;
}
