PODS:
  - Kingfisher/Core (5.14.0)
  - Kingfisher/SwiftUI (5.14.0):
    - Kingfisher/Core

DEPENDENCIES:
  - Kingfisher/SwiftUI

SPEC REPOS:
  trunk:
    - Kingfisher

SPEC CHECKSUMS:
  Kingfisher: 7b64389a43139c903ec434788344c288217c792d

PODFILE CHECKSUM: c2097be8ea7453a0800d90c572be59795aad055b

COCOAPODS: 1.9.3
